{
  "name": "activitypub-webfinger",
  "version": "0.1.0",
  "lockfileVersion": 3,
  "requires": true,
  "packages": {
    "": {
      "name": "activitypub-webfinger",
      "version": "0.1.0",
      "license": "Apache-2.0",
      "dependencies": {
        "activitystrea.ms": "^4.0.1",
        "webfinger": "^0.6.0"
      },
      "devDependencies": {
        "@evanp/activitypub-nock": "^1.0.0"
      }
    },
    "node_modules/@digitalbazaar/http-client": {
      "version": "4.4.0",
      "resolved": "https://registry.npmjs.org/@digitalbazaar/http-client/-/http-client-4.4.0.tgz",
      "integrity": "sha512-ODhCGmElUPmR3IR+KZmBNkRAFyjJ01rxvk2E+/qQ2h2EGPJH5k6bz3N24ympGc5+i4YCGk/ipIpmkwc0+iSmRg==",
      "license": "BSD-3-Clause",
      "dependencies": {
        "ky": "^1.14.3",
        "undici": "^6.28.0"
      },
      "engines": {
        "node": ">=18.0"
      }
    },
    "node_modules/@evanp/activitypub-nock": {
      "version": "1.0.0",
      "resolved": "https://registry.npmjs.org/@evanp/activitypub-nock/-/activitypub-nock-1.0.0.tgz",
      "integrity": "sha512-v3l77ykHbf1K5jhX7CQn5jYY3qGg/dqcFfYu93CMoLHI0wepUHEAMTUf0K/6NhXxQ+8Dd3OLtTE4waKGbhZFOQ==",
      "dev": true,
      "license": "GPL-3.0",
      "dependencies": {
        "activitystrea.ms": "^4.0.0",
        "nock": "^14.0.10"
      }
    },
    "node_modules/@mswjs/interceptors": {
      "version": "0.41.9",
      "resolved": "https://registry.npmjs.org/@mswjs/interceptors/-/interceptors-0.41.9.tgz",
      "integrity": "sha512-VVPPgHyQ6ShqnrmDWuxjmUIsO9gWyOZFmuOfLd9LfBGQJwZfy0gvv9pbHSJuoFNIYC7ZDX9aoFwowjcdSC4E8w==",
      "dev": true,
      "license": "MIT",
      "dependencies": {
        "@open-draft/deferred-promise": "^2.2.0",
        "@open-draft/logger": "^0.3.0",
        "@open-draft/until": "^2.0.0",
        "is-node-process": "^1.2.0",
        "outvariant": "^1.4.3",
        "strict-event-emitter": "^0.5.1"
      },
      "engines": {
        "node": ">=18"
      }
    },
    "node_modules/@open-draft/deferred-promise": {
      "version": "2.2.0",
      "resolved": "https://registry.npmjs.org/@open-draft/deferred-promise/-/deferred-promise-2.2.0.tgz",
      "integrity": "sha512-CecwLWx3rhxVQF6V4bAgPS5t+So2sTbPgAzafKkVizyi7tlwpcFpdFqq+wqF2OwNBmqFuu6tOyouTuxgpMfzmA==",
      "dev": true,
      "license": "MIT"
    },
    "node_modules/@open-draft/logger": {
      "version": "0.3.0",
      "resolved": "https://registry.npmjs.org/@open-draft/logger/-/logger-0.3.0.tgz",
      "integrity": "sha512-X2g45fzhxH238HKO4xbSr7+wBS8Fvw6ixhTDuvLd5mqh6bJJCFAPwU9mPDxbcrRtfxv4u5IHCEH77BmxvXmmxQ==",
      "dev": true,
      "license": "MIT",
      "dependencies": {
        "is-node-process": "^1.2.0",
        "outvariant": "^1.4.0"
      }
    },
    "node_modules/@open-draft/until": {
      "version": "2.1.0",
      "resolved": "https://registry.npmjs.org/@open-draft/until/-/until-2.1.0.tgz",
      "integrity": "sha512-U69T3ItWHvLwGg5eJ0n3I62nWuE6ilHlmz7zM0npLBRvPRd7e6NYmg54vvRtP5mZG7kZqZCFVdsTWo7BPtBujg==",
      "dev": true,
      "license": "MIT"
    },
    "node_modules/activitystrea.ms": {
      "version": "4.0.1",
      "resolved": "https://registry.npmjs.org/activitystrea.ms/-/activitystrea.ms-4.0.1.tgz",
      "integrity": "sha512-M/lLy64FXRIzuRLvma+O/f//HF/dweQI54aVzu/PuGXAaEHSjDkgt4jaH+CIRk11+j4psewTAmuVaQPELUkI5A==",
      "license": "Apache-2.0",
      "dependencies": {
        "activitystreams-context": "^3.1.0",
        "bcp-47-match": "^2.0.3",
        "jsonld": "^9.0.0",
        "tinyduration": "^3.4.1",
        "vocabs-as": "^3.0.0",
        "vocabs-asx": "^0.11.1",
        "vocabs-ldp": "^0.1.0",
        "vocabs-rdf": "^0.11.1",
        "vocabs-xsd": "^0.11.1"
      },
      "engines": {
        "node": ">=22.12.0"
      }
    },
    "node_modules/activitystreams-context": {
      "version": "3.1.0",
      "resolved": "https://registry.npmjs.org/activitystreams-context/-/activitystreams-context-3.1.0.tgz",
      "integrity": "sha512-KBQ+igwf1tezMXGVw5MvRSEm0gp97JI1hTZ45I6MEkWv25lEgNoA9L6wqfaOiCX8wnMRWw9pwRsPZKypdtxAtg==",
      "license": "MIT"
    },
    "node_modules/bcp-47-match": {
      "version": "2.0.3",
      "resolved": "https://registry.npmjs.org/bcp-47-match/-/bcp-47-match-2.0.3.tgz",
      "integrity": "sha512-JtTezzbAibu8G0R9op9zb3vcWZd9JF6M0xOYGPn0fNCd7wOpRB1mU2mH9T8gaBGbAAyIIVgB2G7xG0GP98zMAQ==",
      "license": "MIT",
      "funding": {
        "type": "github",
        "url": "https://github.com/sponsors/wooorm"
      }
    },
    "node_modules/canonicalize": {
      "version": "2.1.0",
      "resolved": "https://registry.npmjs.org/canonicalize/-/canonicalize-2.1.0.tgz",
      "integrity": "sha512-F705O3xrsUtgt98j7leetNhTWPe+5S72rlL5O4jA1pKqBVQ/dT1O1D6PFxmSXvc0SUOinWS57DKx0I3CHrXJHQ==",
      "license": "Apache-2.0",
      "bin": {
        "canonicalize": "bin/canonicalize.js"
      }
    },
    "node_modules/is-node-process": {
      "version": "1.2.0",
      "resolved": "https://registry.npmjs.org/is-node-process/-/is-node-process-1.2.0.tgz",
      "integrity": "sha512-Vg4o6/fqPxIjtxgUH5QLJhwZ7gW5diGCVlXpuUfELC62CuxM1iHcRe51f2W1FDy04Ai4KJkagKjx3XaqyfRKXw==",
      "dev": true,
      "license": "MIT"
    },
    "node_modules/json-stringify-safe": {
      "version": "5.0.1",
      "resolved": "https://registry.npmjs.org/json-stringify-safe/-/json-stringify-safe-5.0.1.tgz",
      "integrity": "sha512-ZClg6AaYvamvYEE82d3Iyd3vSSIjQ+odgjaTzRuO3s7toCdFKczob2i0zCh7JE8kWn17yvAWhUVxvqGwUalsRA==",
      "dev": true,
      "license": "ISC"
    },
    "node_modules/jsonld": {
      "version": "9.0.0",
      "resolved": "https://registry.npmjs.org/jsonld/-/jsonld-9.0.0.tgz",
      "integrity": "sha512-pjMIdkXfC1T2wrX9B9i2uXhGdyCmgec3qgMht+TDj+S0qX3bjWMQUfL7NeqEhuRTi8G5ESzmL9uGlST7nzSEWg==",
      "license": "BSD-3-Clause",
      "dependencies": {
        "@digitalbazaar/http-client": "^4.2.0",
        "canonicalize": "^2.1.0",
        "lru-cache": "^6.0.0",
        "rdf-canonize": "^5.0.0"
      },
      "engines": {
        "node": ">=18"
      }
    },
    "node_modules/ky": {
      "version": "1.14.3",
      "resolved": "https://registry.npmjs.org/ky/-/ky-1.14.3.tgz",
      "integrity": "sha512-9zy9lkjac+TR1c2tG+mkNSVlyOpInnWdSMiue4F+kq8TwJSgv6o8jhLRg8Ho6SnZ9wOYUq/yozts9qQCfk7bIw==",
      "license": "MIT",
      "engines": {
        "node": ">=18"
      },
      "funding": {
        "url": "https://github.com/sindresorhus/ky?sponsor=1"
      }
    },
    "node_modules/lru-cache": {
      "version": "6.0.0",
      "resolved": "https://registry.npmjs.org/lru-cache/-/lru-cache-6.0.0.tgz",
      "integrity": "sha512-Jo6dJ04CmSjuznwJSS3pUeWmd/H0ffTlkXXgwZi+eq1UCmqQwCh+eLsYOYCwY991i2Fah4h1BEMCx4qThGbsiA==",
      "license": "ISC",
      "dependencies": {
        "yallist": "^4.0.0"
      },
      "engines": {
        "node": ">=10"
      }
    },
    "node_modules/nock": {
      "version": "14.0.17",
      "resolved": "https://registry.npmjs.org/nock/-/nock-14.0.17.tgz",
      "integrity": "sha512-EjRr1weMa4ALQX35AgZTEnP+weJJjlW1KGDiNM2IQC2069YDHas4f4B4UUYR+TTLyKWxJvOz2wObDKQs/LNreA==",
      "dev": true,
      "license": "MIT",
      "dependencies": {
        "@mswjs/interceptors": "^0.41.0",
        "json-stringify-safe": "^5.0.1",
        "propagate": "^2.0.0"
      },
      "engines": {
        "node": ">=18.20.0 <20 || >=20.12.1"
      }
    },
    "node_modules/outvariant": {
      "version": "1.4.3",
      "resolved": "https://registry.npmjs.org/outvariant/-/outvariant-1.4.3.tgz",
      "integrity": "sha512-+Sl2UErvtsoajRDKCE5/dBz4DIvHXQQnAxtQTF04OJxY0+DyZXSo5P5Bb7XYWOh81syohlYL24hbDwxedPUJCA==",
      "dev": true,
      "license": "MIT"
    },
    "node_modules/propagate": {
      "version": "2.0.1",
      "resolved": "https://registry.npmjs.org/propagate/-/propagate-2.0.1.tgz",
      "integrity": "sha512-vGrhOavPSTz4QVNuBNdcNXePNdNMaO1xj9yBeH1ScQPjk/rhg9sSlCXPhMkFuaNNW/syTvYqsnbIJxMBfRbbag==",
      "dev": true,
      "license": "MIT",
      "engines": {
        "node": ">= 8"
      }
    },
    "node_modules/rdf-canonize": {
      "version": "5.0.0",
      "resolved": "https://registry.npmjs.org/rdf-canonize/-/rdf-canonize-5.0.0.tgz",
      "integrity": "sha512-g8OUrgMXAR9ys/ZuJVfBr05sPPoMA7nHIVs8VEvg9QwM5W4GR2qSFEEHjsyHF1eWlBaf8Ev40WNjQFQ+nJTO3w==",
      "license": "BSD-3-Clause",
      "dependencies": {
        "setimmediate": "^1.0.5"
      },
      "engines": {
        "node": ">=18"
      }
    },
    "node_modules/setimmediate": {
      "version": "1.0.5",
      "resolved": "https://registry.npmjs.org/setimmediate/-/setimmediate-1.0.5.tgz",
      "integrity": "sha512-MATJdZp8sLqDl/68LfQmbP8zKPLQNV6BIZoIgrscFDQ+RsvK/BxeDQOgyxKKoh0y/8h3BqVFnCqQ/gd+reiIXA==",
      "license": "MIT"
    },
    "node_modules/strict-event-emitter": {
      "version": "0.5.1",
      "resolved": "https://registry.npmjs.org/strict-event-emitter/-/strict-event-emitter-0.5.1.tgz",
      "integrity": "sha512-vMgjE/GGEPEFnhFub6pa4FmJBRBVOLpIII2hvCZ8Kzb7K0hlHo7mQv6xYrBvCL2LtAIBwFUK8wvuJgTVSQ5MFQ==",
      "dev": true,
      "license": "MIT"
    },
    "node_modules/tinyduration": {
      "version": "3.4.1",
      "resolved": "https://registry.npmjs.org/tinyduration/-/tinyduration-3.4.1.tgz",
      "integrity": "sha512-NemFoamVYn7TmtwZKZ3OiliM9fZkr6EWiTM+wKknco6POSy2gS689xx/pXip0JYp40HXpUw6k65CUYHWYUXdaA==",
      "license": "MIT"
    },
    "node_modules/undici": {
      "version": "6.29.0",
      "resolved": "https://registry.npmjs.org/undici/-/undici-6.29.0.tgz",
      "integrity": "sha512-R+RODBqp6i2pPflGdq+xIOUkl+RNfGgHwoinecKu/JCuf2uO06cOKoDbI2P7Dn6KcswdKwrczbU6IYJ6K8X+wg==",
      "license": "MIT",
      "engines": {
        "node": ">=18.17"
      }
    },
    "node_modules/vocabs": {
      "version": "0.11.2",
      "resolved": "https://registry.npmjs.org/vocabs/-/vocabs-0.11.2.tgz",
      "integrity": "sha512-OIon2MWA21ZO42UBsTa5DuMsk5zv72DxMdQNvLsPN1M9GrjVTovn3LgWUZdPVnKBpdWhqWV7Mfbq/Sh0vkHIBw==",
      "license": "Apache-2.0"
    },
    "node_modules/vocabs-as": {
      "version": "3.0.0",
      "resolved": "https://registry.npmjs.org/vocabs-as/-/vocabs-as-3.0.0.tgz",
      "integrity": "sha512-Dfze+B0CYZzhSK12jWvbxaL8/vXPnlzhhqhQTrEVxkGht+qzU4MmSLXSomQrdiSNKokVVtt16tyKoJWBW9TdNQ==",
      "license": "Apache-2.0",
      "dependencies": {
        "activitystreams-context": ">=3.0.0",
        "vocabs": ">=0.11.2"
      }
    },
    "node_modules/vocabs-asx": {
      "version": "0.11.1",
      "resolved": "https://registry.npmjs.org/vocabs-asx/-/vocabs-asx-0.11.1.tgz",
      "integrity": "sha512-/AlLCFPCQq0Kz/ZkyT9AwHv6koQA22k5NrnLhvozOv7RRjTt1QoxtgqaeHXzhwKS4n6wHj8dWDAv1+cP4AWC7g==",
      "license": "Apache-2.0",
      "dependencies": {
        "vocabs": ">=0.11.1"
      }
    },
    "node_modules/vocabs-ldp": {
      "version": "0.1.0",
      "resolved": "https://registry.npmjs.org/vocabs-ldp/-/vocabs-ldp-0.1.0.tgz",
      "integrity": "sha512-UI8KWHnQAFRWl3gRWFCq1EdWtDXmK1nX5dVAgOPPrepDBGoJ59wHMfY93kKjJij6f2M5Qkxf5h70jGVblF+ceg==",
      "license": "Apache-2.0",
      "dependencies": {
        "vocabs": ">=0.11.1"
      }
    },
    "node_modules/vocabs-rdf": {
      "version": "0.11.1",
      "resolved": "https://registry.npmjs.org/vocabs-rdf/-/vocabs-rdf-0.11.1.tgz",
      "integrity": "sha512-UD50UwkkmHVI+Vu0DbJQSdVPtTi/n2BLM43JzyrfurlIpDrOVFFNIp2/M0dIE20rQ3Ka+/wSZCCAFHUuuqIGtA==",
      "license": "Apache-2.0",
      "dependencies": {
        "vocabs": ">=0.11.1"
      }
    },
    "node_modules/vocabs-xsd": {
      "version": "0.11.1",
      "resolved": "https://registry.npmjs.org/vocabs-xsd/-/vocabs-xsd-0.11.1.tgz",
      "integrity": "sha512-POjpoFssuasaGT6vXzQ5uoNymjMsa8cm2wfNIkz8z0hzcQNDmGgpV4x4aUfeIWDJ3KYyLpK1veTsWRQh9CijUA==",
      "license": "Apache-2.0",
      "dependencies": {
        "vocabs": ">=0.11.1"
      }
    },
    "node_modules/webfinger": {
      "version": "0.6.0",
      "resolved": "https://registry.npmjs.org/webfinger/-/webfinger-0.6.0.tgz",
      "integrity": "sha512-xnvzRj4a1azZvipowP2egLNvAifEoMNf3JSgTAWo3XYY0eQ6gp+6R8fRNMhSnNJnfbcL34JmbmuHr7A6ubyY+w==",
      "license": "Apache-2.0",
      "engines": {
        "node": "22.x || 24.x || 26.x"
      }
    },
    "node_modules/yallist": {
      "version": "4.0.0",
      "resolved": "https://registry.npmjs.org/yallist/-/yallist-4.0.0.tgz",
      "integrity": "sha512-3wdGidZyq5PB084XLES5TpOSRA3wjXAlIWMhum2kRcv/41Sn2emQ0dycQW4uZXLejwKvg6EsvbdlVL+FYEct7A==",
      "license": "ISC"
    }
  }
}
